// !$*UTF8*$!
{
	archiveVersion = 1;
	classes = {
	};
	objectVersion = 50;
	objects = {

/* Begin PBXBuildFile section */
		6E04D21D2309A83800CD5210 /* AppDelegate.swift in Sources */ = {isa = PBXBuildFile; fileRef = 6E04D21C2309A83800CD5210 /* AppDelegate.swift */; };
		6E04D21F2309A83800CD5210 /* ViewController.swift in Sources */ = {isa = PBXBuildFile; fileRef = 6E04D21E2309A83800CD5210 /* ViewController.swift */; };
		6E04D2222309A83800CD5210 /* Main.storyboard in Resources */ = {isa = PBXBuildFile; fileRef = 6E04D2202309A83800CD5210 /* Main.storyboard */; };
		6E04D2252309A83800CD5210 /* MarvelDemo.xcdatamodeld in Sources */ = {isa = PBXBuildFile; fileRef = 6E04D2232309A83800CD5210 /* MarvelDemo.xcdatamodeld */; };
		6E04D2272309A85800CD5210 /* Assets.xcassets in Resources */ = {isa = PBXBuildFile; fileRef = 6E04D2262309A85800CD5210 /* Assets.xcassets */; };
		6E04D22A2309A85800CD5210 /* LaunchScreen.storyboard in Resources */ = {isa = PBXBuildFile; fileRef = 6E04D2282309A85800CD5210 /* LaunchScreen.storyboard */; };
		6E04D2352309A85A00CD5210 /* MarvelDemoTests.swift in Sources */ = {isa = PBXBuildFile; fileRef = 6E04D2342309A85A00CD5210 /* MarvelDemoTests.swift */; };
		6E04D2402309B91E00CD5210 /* HeroCollectionViewCell.swift in Sources */ = {isa = PBXBuildFile; fileRef = 6E04D23F2309B91E00CD5210 /* HeroCollectionViewCell.swift */; };
		6E04D246230A209C00CD5210 /* ViewControllerViewModel.swift in Sources */ = {isa = PBXBuildFile; fileRef = 6E04D245230A209C00CD5210 /* ViewControllerViewModel.swift */; };
		6E04D248230A293C00CD5210 /* HeroParser.swift in Sources */ = {isa = PBXBuildFile; fileRef = 6E04D247230A293C00CD5210 /* HeroParser.swift */; };
		6E04D24A230A294300CD5210 /* Launcher.swift in Sources */ = {isa = PBXBuildFile; fileRef = 6E04D249230A294300CD5210 /* Launcher.swift */; };
		6E04D24C230A294900CD5210 /* DataLauncher.swift in Sources */ = {isa = PBXBuildFile; fileRef = 6E04D24B230A294900CD5210 /* DataLauncher.swift */; };
		6E04D24E230A294F00CD5210 /* DataFetcher.swift in Sources */ = {isa = PBXBuildFile; fileRef = 6E04D24D230A294F00CD5210 /* DataFetcher.swift */; };
		6E04D250230A295400CD5210 /* HeroFetcher.swift in Sources */ = {isa = PBXBuildFile; fileRef = 6E04D24F230A295400CD5210 /* HeroFetcher.swift */; };
		6E04D252230A295E00CD5210 /* CoreDataHandler.swift in Sources */ = {isa = PBXBuildFile; fileRef = 6E04D251230A295E00CD5210 /* CoreDataHandler.swift */; };
		6E04D25B230AF8EC00CD5210 /* HeroDetail.storyboard in Resources */ = {isa = PBXBuildFile; fileRef = 6E04D25A230AF8EC00CD5210 /* HeroDetail.storyboard */; };
		6E04D25D230B00F300CD5210 /* HeroDetailViewController.swift in Sources */ = {isa = PBXBuildFile; fileRef = 6E04D25C230B00F300CD5210 /* HeroDetailViewController.swift */; };
		6E04D260230B01AE00CD5210 /* ViewControllerAdditions.swift in Sources */ = {isa = PBXBuildFile; fileRef = 6E04D25F230B01AE00CD5210 /* ViewControllerAdditions.swift */; };
		6E04D262230B073600CD5210 /* HeroRecommendationCell.swift in Sources */ = {isa = PBXBuildFile; fileRef = 6E04D261230B073600CD5210 /* HeroRecommendationCell.swift */; };
		6E04D264230B077900CD5210 /* HeroDetailHeaderView.swift in Sources */ = {isa = PBXBuildFile; fileRef = 6E04D263230B077900CD5210 /* HeroDetailHeaderView.swift */; };
		6E04D266230B150D00CD5210 /* HeroViewModel.swift in Sources */ = {isa = PBXBuildFile; fileRef = 6E04D265230B150D00CD5210 /* HeroViewModel.swift */; };
		6E04D268230B15D800CD5210 /* HeroDetailVCViewModel.swift in Sources */ = {isa = PBXBuildFile; fileRef = 6E04D267230B15D800CD5210 /* HeroDetailVCViewModel.swift */; };
		6E04D26A230B364900CD5210 /* ComicParser.swift in Sources */ = {isa = PBXBuildFile; fileRef = 6E04D269230B364900CD5210 /* ComicParser.swift */; };
		6E04D26C230B368C00CD5210 /* Parser.swift in Sources */ = {isa = PBXBuildFile; fileRef = 6E04D26B230B368C00CD5210 /* Parser.swift */; };
		6E04D26E230B37E500CD5210 /* Comic.swift in Sources */ = {isa = PBXBuildFile; fileRef = 6E04D26D230B37E500CD5210 /* Comic.swift */; };
		6E3185B1230B425D008C9AD4 /* UIImageView Additions.swift in Sources */ = {isa = PBXBuildFile; fileRef = 6E3185B0230B425D008C9AD4 /* UIImageView Additions.swift */; };
/* End PBXBuildFile section */

/* Begin PBXContainerItemProxy section */
		6E04D2312309A85A00CD5210 /* PBXContainerItemProxy */ = {
			isa = PBXContainerItemProxy;
			containerPortal = 6E04D2112309A83800CD5210 /* Project object */;
			proxyType = 1;
			remoteGlobalIDString = 6E04D2182309A83800CD5210;
			remoteInfo = MarvelDemo;
		};
/* End PBXContainerItemProxy section */

/* Begin PBXFileReference section */
		6E04D2192309A83800CD5210 /* MarvelDemo.app */ = {isa = PBXFileReference; explicitFileType = wrapper.application; includeInIndex = 0; path = MarvelDemo.app; sourceTree = BUILT_PRODUCTS_DIR; };
		6E04D21C2309A83800CD5210 /* AppDelegate.swift */ = {isa = PBXFileReference; lastKnownFileType = sourcecode.swift; path = AppDelegate.swift; sourceTree = "<group>"; };
		6E04D21E2309A83800CD5210 /* ViewController.swift */ = {isa = PBXFileReference; lastKnownFileType = sourcecode.swift; path = ViewController.swift; sourceTree = "<group>"; };
		6E04D2212309A83800CD5210 /* Base */ = {isa = PBXFileReference; lastKnownFileType = file.storyboard; name = Base; path = Base.lproj/Main.storyboard; sourceTree = "<group>"; };
		6E04D2242309A83800CD5210 /* MarvelDemo.xcdatamodel */ = {isa = PBXFileReference; lastKnownFileType = wrapper.xcdatamodel; path = MarvelDemo.xcdatamodel; sourceTree = "<group>"; };
		6E04D2262309A85800CD5210 /* Assets.xcassets */ = {isa = PBXFileReference; lastKnownFileType = folder.assetcatalog; path = Assets.xcassets; sourceTree = "<group>"; };
		6E04D2292309A85800CD5210 /* Base */ = {isa = PBXFileReference; lastKnownFileType = file.storyboard; name = Base; path = Base.lproj/LaunchScreen.storyboard; sourceTree = "<group>"; };
		6E04D22B2309A85900CD5210 /* Info.plist */ = {isa = PBXFileReference; lastKnownFileType = text.plist.xml; path = Info.plist; sourceTree = "<group>"; };
		6E04D2302309A85A00CD5210 /* MarvelDemoTests.xctest */ = {isa = PBXFileReference; explicitFileType = wrapper.cfbundle; includeInIndex = 0; path = MarvelDemoTests.xctest; sourceTree = BUILT_PRODUCTS_DIR; };
		6E04D2342309A85A00CD5210 /* MarvelDemoTests.swift */ = {isa = PBXFileReference; lastKnownFileType = sourcecode.swift; path = MarvelDemoTests.swift; sourceTree = "<group>"; };
		6E04D2362309A85A00CD5210 /* Info.plist */ = {isa = PBXFileReference; lastKnownFileType = text.plist.xml; path = Info.plist; sourceTree = "<group>"; };
		6E04D23F2309B91E00CD5210 /* HeroCollectionViewCell.swift */ = {isa = PBXFileReference; lastKnownFileType = sourcecode.swift; path = HeroCollectionViewCell.swift; sourceTree = "<group>"; };
		6E04D245230A209C00CD5210 /* ViewControllerViewModel.swift */ = {isa = PBXFileReference; lastKnownFileType = sourcecode.swift; path = ViewControllerViewModel.swift; sourceTree = "<group>"; };
		6E04D247230A293C00CD5210 /* HeroParser.swift */ = {isa = PBXFileReference; fileEncoding = 4; lastKnownFileType = sourcecode.swift; path = HeroParser.swift; sourceTree = "<group>"; };
		6E04D249230A294300CD5210 /* Launcher.swift */ = {isa = PBXFileReference; fileEncoding = 4; lastKnownFileType = sourcecode.swift; path = Launcher.swift; sourceTree = "<group>"; };
		6E04D24B230A294900CD5210 /* DataLauncher.swift */ = {isa = PBXFileReference; fileEncoding = 4; lastKnownFileType = sourcecode.swift; path = DataLauncher.swift; sourceTree = "<group>"; };
		6E04D24D230A294F00CD5210 /* DataFetcher.swift */ = {isa = PBXFileReference; fileEncoding = 4; lastKnownFileType = sourcecode.swift; path = DataFetcher.swift; sourceTree = "<group>"; };
		6E04D24F230A295400CD5210 /* HeroFetcher.swift */ = {isa = PBXFileReference; fileEncoding = 4; lastKnownFileType = sourcecode.swift; path = HeroFetcher.swift; sourceTree = "<group>"; };
		6E04D251230A295E00CD5210 /* CoreDataHandler.swift */ = {isa = PBXFileReference; fileEncoding = 4; lastKnownFileType = sourcecode.swift; path = CoreDataHandler.swift; sourceTree = "<group>"; };
		6E04D25A230AF8EC00CD5210 /* HeroDetail.storyboard */ = {isa = PBXFileReference; lastKnownFileType = file.storyboard; path = HeroDetail.storyboard; sourceTree = "<group>"; };
		6E04D25C230B00F300CD5210 /* HeroDetailViewController.swift */ = {isa = PBXFileReference; lastKnownFileType = sourcecode.swift; path = HeroDetailViewController.swift; sourceTree = "<group>"; };
		6E04D25F230B01AE00CD5210 /* ViewControllerAdditions.swift */ = {isa = PBXFileReference; lastKnownFileType = sourcecode.swift; path = ViewControllerAdditions.swift; sourceTree = "<group>"; };
		6E04D261230B073600CD5210 /* HeroRecommendationCell.swift */ = {isa = PBXFileReference; lastKnownFileType = sourcecode.swift; path = HeroRecommendationCell.swift; sourceTree = "<group>"; };
		6E04D263230B077900CD5210 /* HeroDetailHeaderView.swift */ = {isa = PBXFileReference; lastKnownFileType = sourcecode.swift; path = HeroDetailHeaderView.swift; sourceTree = "<group>"; };
		6E04D265230B150D00CD5210 /* HeroViewModel.swift */ = {isa = PBXFileReference; lastKnownFileType = sourcecode.swift; path = HeroViewModel.swift; sourceTree = "<group>"; };
		6E04D267230B15D800CD5210 /* HeroDetailVCViewModel.swift */ = {isa = PBXFileReference; lastKnownFileType = sourcecode.swift; path = HeroDetailVCViewModel.swift; sourceTree = "<group>"; };
		6E04D269230B364900CD5210 /* ComicParser.swift */ = {isa = PBXFileReference; lastKnownFileType = sourcecode.swift; path = ComicParser.swift; sourceTree = "<group>"; };
		6E04D26B230B368C00CD5210 /* Parser.swift */ = {isa = PBXFileReference; lastKnownFileType = sourcecode.swift; path = Parser.swift; sourceTree = "<group>"; };
		6E04D26D230B37E500CD5210 /* Comic.swift */ = {isa = PBXFileReference; lastKnownFileType = sourcecode.swift; path = Comic.swift; sourceTree = "<group>"; };
		6E3185B0230B425D008C9AD4 /* UIImageView Additions.swift */ = {isa = PBXFileReference; lastKnownFileType = sourcecode.swift; path = "UIImageView Additions.swift"; sourceTree = "<group>"; };
/* End PBXFileReference section */

/* Begin PBXFrameworksBuildPhase section */
		6E04D2162309A83800CD5210 /* Frameworks */ = {
			isa = PBXFrameworksBuildPhase;
			buildActionMask = 2147483647;
			files = (
			);
			runOnlyForDeploymentPostprocessing = 0;
		};
		6E04D22D2309A85A00CD5210 /* Frameworks */ = {
			isa = PBXFrameworksBuildPhase;
			buildActionMask = 2147483647;
			files = (
			);
			runOnlyForDeploymentPostprocessing = 0;
		};
/* End PBXFrameworksBuildPhase section */

/* Begin PBXGroup section */
		6E04D2102309A83800CD5210 = {
			isa = PBXGroup;
			children = (
				6E04D21B2309A83800CD5210 /* MarvelDemo */,
				6E04D2332309A85A00CD5210 /* MarvelDemoTests */,
				6E04D21A2309A83800CD5210 /* Products */,
			);
			sourceTree = "<group>";
		};
		6E04D21A2309A83800CD5210 /* Products */ = {
			isa = PBXGroup;
			children = (
				6E04D2192309A83800CD5210 /* MarvelDemo.app */,
				6E04D2302309A85A00CD5210 /* MarvelDemoTests.xctest */,
			);
			name = Products;
			sourceTree = "<group>";
		};
		6E04D21B2309A83800CD5210 /* MarvelDemo */ = {
			isa = PBXGroup;
			children = (
				6E04D259230A2A7E00CD5210 /* Views */,
				6E04D253230A2A0800CD5210 /* DB */,
				6E04D254230A2A1200CD5210 /* Networking */,
				6E04D255230A2A2A00CD5210 /* Data */,
				6E04D21C2309A83800CD5210 /* AppDelegate.swift */,
				6E04D258230A2A6700CD5210 /* Controllers */,
				6E04D22B2309A85900CD5210 /* Info.plist */,
			);
			path = MarvelDemo;
			sourceTree = "<group>";
		};
		6E04D2332309A85A00CD5210 /* MarvelDemoTests */ = {
			isa = PBXGroup;
			children = (
				6E04D2342309A85A00CD5210 /* MarvelDemoTests.swift */,
				6E04D2362309A85A00CD5210 /* Info.plist */,
			);
			path = MarvelDemoTests;
			sourceTree = "<group>";
		};
		6E04D253230A2A0800CD5210 /* DB */ = {
			isa = PBXGroup;
			children = (
				6E04D2232309A83800CD5210 /* MarvelDemo.xcdatamodeld */,
				6E04D251230A295E00CD5210 /* CoreDataHandler.swift */,
			);
			path = DB;
			sourceTree = "<group>";
		};
		6E04D254230A2A1200CD5210 /* Networking */ = {
			isa = PBXGroup;
			children = (
				6E04D24D230A294F00CD5210 /* DataFetcher.swift */,
				6E04D24F230A295400CD5210 /* HeroFetcher.swift */,
			);
			path = Networking;
			sourceTree = "<group>";
		};
		6E04D255230A2A2A00CD5210 /* Data */ = {
			isa = PBXGroup;
			children = (
				6E04D257230A2A5600CD5210 /* Model */,
				6E04D249230A294300CD5210 /* Launcher.swift */,
				6E04D24B230A294900CD5210 /* DataLauncher.swift */,
				6E04D256230A2A3600CD5210 /* Parser */,
				6E04D265230B150D00CD5210 /* HeroViewModel.swift */,
			);
			path = Data;
			sourceTree = "<group>";
		};
		6E04D256230A2A3600CD5210 /* Parser */ = {
			isa = PBXGroup;
			children = (
				6E04D247230A293C00CD5210 /* HeroParser.swift */,
				6E04D269230B364900CD5210 /* ComicParser.swift */,
				6E04D26B230B368C00CD5210 /* Parser.swift */,
			);
			path = Parser;
			sourceTree = "<group>";
		};
		6E04D257230A2A5600CD5210 /* Model */ = {
			isa = PBXGroup;
			children = (
				6E04D26D230B37E500CD5210 /* Comic.swift */,
			);
			path = Model;
			sourceTree = "<group>";
		};
		6E04D258230A2A6700CD5210 /* Controllers */ = {
			isa = PBXGroup;
			children = (
				6E04D21E2309A83800CD5210 /* ViewController.swift */,
				6E04D245230A209C00CD5210 /* ViewControllerViewModel.swift */,
				6E04D25C230B00F300CD5210 /* HeroDetailViewController.swift */,
				6E04D267230B15D800CD5210 /* HeroDetailVCViewModel.swift */,
			);
			path = Controllers;
			sourceTree = "<group>";
		};
		6E04D259230A2A7E00CD5210 /* Views */ = {
			isa = PBXGroup;
			children = (
				6E04D25E230B019500CD5210 /* Categories */,
				6E04D23F2309B91E00CD5210 /* HeroCollectionViewCell.swift */,
				6E04D2262309A85800CD5210 /* Assets.xcassets */,
				6E04D2282309A85800CD5210 /* LaunchScreen.storyboard */,
				6E04D2202309A83800CD5210 /* Main.storyboard */,
				6E04D25A230AF8EC00CD5210 /* HeroDetail.storyboard */,
				6E04D261230B073600CD5210 /* HeroRecommendationCell.swift */,
				6E04D263230B077900CD5210 /* HeroDetailHeaderView.swift */,
			);
			path = Views;
			sourceTree = "<group>";
		};
		6E04D25E230B019500CD5210 /* Categories */ = {
			isa = PBXGroup;
			children = (
				6E04D25F230B01AE00CD5210 /* ViewControllerAdditions.swift */,
				6E3185B0230B425D008C9AD4 /* UIImageView Additions.swift */,
			);
			path = Categories;
			sourceTree = "<group>";
		};
/* End PBXGroup section */

/* Begin PBXNativeTarget section */
		6E04D2182309A83800CD5210 /* MarvelDemo */ = {
			isa = PBXNativeTarget;
			buildConfigurationList = 6E04D2392309A85A00CD5210 /* Build configuration list for PBXNativeTarget "MarvelDemo" */;
			buildPhases = (
				6E04D2152309A83800CD5210 /* Sources */,
				6E04D2162309A83800CD5210 /* Frameworks */,
				6E04D2172309A83800CD5210 /* Resources */,
			);
			buildRules = (
			);
			dependencies = (
			);
			name = MarvelDemo;
			productName = MarvelDemo;
			productReference = 6E04D2192309A83800CD5210 /* MarvelDemo.app */;
			productType = "com.apple.product-type.application";
		};
		6E04D22F2309A85A00CD5210 /* MarvelDemoTests */ = {
			isa = PBXNativeTarget;
			buildConfigurationList = 6E04D23C2309A85A00CD5210 /* Build configuration list for PBXNativeTarget "MarvelDemoTests" */;
			buildPhases = (
				6E04D22C2309A85A00CD5210 /* Sources */,
				6E04D22D2309A85A00CD5210 /* Frameworks */,
				6E04D22E2309A85A00CD5210 /* Resources */,
			);
			buildRules = (
			);
			dependencies = (
				6E04D2322309A85A00CD5210 /* PBXTargetDependency */,
			);
			name = MarvelDemoTests;
			productName = MarvelDemoTests;
			productReference = 6E04D2302309A85A00CD5210 /* MarvelDemoTests.xctest */;
			productType = "com.apple.product-type.bundle.unit-test";
		};
/* End PBXNativeTarget section */

/* Begin PBXProject section */
		6E04D2112309A83800CD5210 /* Project object */ = {
			isa = PBXProject;
			attributes = {
				LastSwiftUpdateCheck = 1010;
				LastUpgradeCheck = 1010;
				ORGANIZATIONNAME = Carlos;
				TargetAttributes = {
					6E04D2182309A83800CD5210 = {
						CreatedOnToolsVersion = 10.1;
					};
					6E04D22F2309A85A00CD5210 = {
						CreatedOnToolsVersion = 10.1;
						TestTargetID = 6E04D2182309A83800CD5210;
					};
				};
			};
			buildConfigurationList = 6E04D2142309A83800CD5210 /* Build configuration list for PBXProject "MarvelDemo" */;
			compatibilityVersion = "Xcode 9.3";
			developmentRegion = en;
			hasScannedForEncodings = 0;
			knownRegions = (
				en,
				Base,
			);
			mainGroup = 6E04D2102309A83800CD5210;
			productRefGroup = 6E04D21A2309A83800CD5210 /* Products */;
			projectDirPath = "";
			projectRoot = "";
			targets = (
				6E04D2182309A83800CD5210 /* MarvelDemo */,
				6E04D22F2309A85A00CD5210 /* MarvelDemoTests */,
			);
		};
/* End PBXProject section */

/* Begin PBXResourcesBuildPhase section */
		6E04D2172309A83800CD5210 /* Resources */ = {
			isa = PBXResourcesBuildPhase;
			buildActionMask = 2147483647;
			files = (
				6E04D22A2309A85800CD5210 /* LaunchScreen.storyboard in Resources */,
				6E04D25B230AF8EC00CD5210 /* HeroDetail.storyboard in Resources */,
				6E04D2272309A85800CD5210 /* Assets.xcassets in Resources */,
				6E04D2222309A83800CD5210 /* Main.storyboard in Resources */,
			);
			runOnlyForDeploymentPostprocessing = 0;
		};
		6E04D22E2309A85A00CD5210 /* Resources */ = {
			isa = PBXResourcesBuildPhase;
			buildActionMask = 2147483647;
			files = (
			);
			runOnlyForDeploymentPostprocessing = 0;
		};
/* End PBXResourcesBuildPhase section */

/* Begin PBXSourcesBuildPhase section */
		6E04D2152309A83800CD5210 /* Sources */ = {
			isa = PBXSourcesBuildPhase;
			buildActionMask = 2147483647;
			files = (
				6E04D2402309B91E00CD5210 /* HeroCollectionViewCell.swift in Sources */,
				6E04D252230A295E00CD5210 /* CoreDataHandler.swift in Sources */,
				6E04D24C230A294900CD5210 /* DataLauncher.swift in Sources */,
				6E3185B1230B425D008C9AD4 /* UIImageView Additions.swift in Sources */,
				6E04D2252309A83800CD5210 /* MarvelDemo.xcdatamodeld in Sources */,
				6E04D264230B077900CD5210 /* HeroDetailHeaderView.swift in Sources */,
				6E04D21F2309A83800CD5210 /* ViewController.swift in Sources */,
				6E04D24A230A294300CD5210 /* Launcher.swift in Sources */,
				6E04D262230B073600CD5210 /* HeroRecommendationCell.swift in Sources */,
				6E04D266230B150D00CD5210 /* HeroViewModel.swift in Sources */,
				6E04D24E230A294F00CD5210 /* DataFetcher.swift in Sources */,
				6E04D26A230B364900CD5210 /* ComicParser.swift in Sources */,
				6E04D248230A293C00CD5210 /* HeroParser.swift in Sources */,
				6E04D21D2309A83800CD5210 /* AppDelegate.swift in Sources */,
				6E04D25D230B00F300CD5210 /* HeroDetailViewController.swift in Sources */,
				6E04D250230A295400CD5210 /* HeroFetcher.swift in Sources */,
				6E04D26C230B368C00CD5210 /* Parser.swift in Sources */,
				6E04D268230B15D800CD5210 /* HeroDetailVCViewModel.swift in Sources */,
				6E04D26E230B37E500CD5210 /* Comic.swift in Sources */,
				6E04D246230A209C00CD5210 /* ViewControllerViewModel.swift in Sources */,
				6E04D260230B01AE00CD5210 /* ViewControllerAdditions.swift in Sources */,
			);
			runOnlyForDeploymentPostprocessing = 0;
		};
		6E04D22C2309A85A00CD5210 /* Sources */ = {
			isa = PBXSourcesBuildPhase;
			buildActionMask = 2147483647;
			files = (
				6E04D2352309A85A00CD5210 /* MarvelDemoTests.swift in Sources */,
			);
			runOnlyForDeploymentPostprocessing = 0;
		};
/* End PBXSourcesBuildPhase section */

/* Begin PBXTargetDependency section */
		6E04D2322309A85A00CD5210 /* PBXTargetDependency */ = {
			isa = PBXTargetDependency;
			target = 6E04D2182309A83800CD5210 /* MarvelDemo */;
			targetProxy = 6E04D2312309A85A00CD5210 /* PBXContainerItemProxy */;
		};
/* End PBXTargetDependency section */

/* Begin PBXVariantGroup section */
		6E04D2202309A83800CD5210 /* Main.storyboard */ = {
			isa = PBXVariantGroup;
			children = (
				6E04D2212309A83800CD5210 /* Base */,
			);
			name = Main.storyboard;
			sourceTree = "<group>";
		};
		6E04D2282309A85800CD5210 /* LaunchScreen.storyboard */ = {
			isa = PBXVariantGroup;
			children = (
				6E04D2292309A85800CD5210 /* Base */,
			);
			name = LaunchScreen.storyboard;
			sourceTree = "<group>";
		};
/* End PBXVariantGroup section */

/* Begin XCBuildConfiguration section */
		6E04D2372309A85A00CD5210 /* Debug */ = {
			isa = XCBuildConfiguration;
			buildSettings = {
				ALWAYS_SEARCH_USER_PATHS = NO;
				CLANG_ANALYZER_NONNULL = YES;
				CLANG_ANALYZER_NUMBER_OBJECT_CONVERSION = YES_AGGRESSIVE;
				CLANG_CXX_LANGUAGE_STANDARD = "gnu++14";
				CLANG_CXX_LIBRARY = "libc++";
				CLANG_ENABLE_MODULES = YES;
				CLANG_ENABLE_OBJC_ARC = YES;
				CLANG_ENABLE_OBJC_WEAK = YES;
				CLANG_WARN_BLOCK_CAPTURE_AUTORELEASING = YES;
				CLANG_WARN_BOOL_CONVERSION = YES;
				CLANG_WARN_COMMA = YES;
				CLANG_WARN_CONSTANT_CONVERSION = YES;
				CLANG_WARN_DEPRECATED_OBJC_IMPLEMENTATIONS = YES;
				CLANG_WARN_DIRECT_OBJC_ISA_USAGE = YES_ERROR;
				CLANG_WARN_DOCUMENTATION_COMMENTS = YES;
				CLANG_WARN_EMPTY_BODY = YES;
				CLANG_WARN_ENUM_CONVERSION = YES;
				CLANG_WARN_INFINITE_RECURSION = YES;
				CLANG_WARN_INT_CONVERSION = YES;
				CLANG_WARN_NON_LITERAL_NULL_CONVERSION = YES;
				CLANG_WARN_OBJC_IMPLICIT_RETAIN_SELF = YES;
				CLANG_WARN_OBJC_LITERAL_CONVERSION = YES;
				CLANG_WARN_OBJC_ROOT_CLASS = YES_ERROR;
				CLANG_WARN_RANGE_LOOP_ANALYSIS = YES;
				CLANG_WARN_STRICT_PROTOTYPES = YES;
				CLANG_WARN_SUSPICIOUS_MOVE = YES;
				CLANG_WARN_UNGUARDED_AVAILABILITY = YES_AGGRESSIVE;
				CLANG_WARN_UNREACHABLE_CODE = YES;
				CLANG_WARN__DUPLICATE_METHOD_MATCH = YES;
				CODE_SIGN_IDENTITY = "iPhone Developer";
				COPY_PHASE_STRIP = NO;
				DEBUG_INFORMATION_FORMAT = dwarf;
				ENABLE_STRICT_OBJC_MSGSEND = YES;
				ENABLE_TESTABILITY = YES;
				GCC_C_LANGUAGE_STANDARD = gnu11;
				GCC_DYNAMIC_NO_PIC = NO;
				GCC_NO_COMMON_BLOCKS = YES;
				GCC_OPTIMIZATION_LEVEL = 0;
				GCC_PREPROCESSOR_DEFINITIONS = (
					"DEBUG=1",
					"$(inherited)",
				);
				GCC_WARN_64_TO_32_BIT_CONVERSION = YES;
				GCC_WARN_ABOUT_RETURN_TYPE = YES_ERROR;
				GCC_WARN_UNDECLARED_SELECTOR = YES;
				GCC_WARN_UNINITIALIZED_AUTOS = YES_AGGRESSIVE;
				GCC_WARN_UNUSED_FUNCTION = YES;
				GCC_WARN_UNUSED_VARIABLE = YES;
				IPHONEOS_DEPLOYMENT_TARGET = 12.1;
				MTL_ENABLE_DEBUG_INFO = INCLUDE_SOURCE;
				MTL_FAST_MATH = YES;
				ONLY_ACTIVE_ARCH = YES;
				SDKROOT = iphoneos;
				SWIFT_ACTIVE_COMPILATION_CONDITIONS = DEBUG;
				SWIFT_OPTIMIZATION_LEVEL = "-Onone";
			};
			name = Debug;
		};
		6E04D2382309A85A00CD5210 /* Release */ = {
			isa = XCBuildConfiguration;
			buildSettings = {
				ALWAYS_SEARCH_USER_PATHS = NO;
				CLANG_ANALYZER_NONNULL = YES;
				CLANG_ANALYZER_NUMBER_OBJECT_CONVERSION = YES_AGGRESSIVE;
				CLANG_CXX_LANGUAGE_STANDARD = "gnu++14";
				CLANG_CXX_LIBRARY = "libc++";
				CLANG_ENABLE_MODULES = YES;
				CLANG_ENABLE_OBJC_ARC = YES;
				CLANG_ENABLE_OBJC_WEAK = YES;
				CLANG_WARN_BLOCK_CAPTURE_AUTORELEASING = YES;
				CLANG_WARN_BOOL_CONVERSION = YES;
				CLANG_WARN_COMMA = YES;
				CLANG_WARN_CONSTANT_CONVERSION = YES;
				CLANG_WARN_DEPRECATED_OBJC_IMPLEMENTATIONS = YES;
				CLANG_WARN_DIRECT_OBJC_ISA_USAGE = YES_ERROR;
				CLANG_WARN_DOCUMENTATION_COMMENTS = YES;
				CLANG_WARN_EMPTY_BODY = YES;
				CLANG_WARN_ENUM_CONVERSION = YES;
				CLANG_WARN_INFINITE_RECURSION = YES;
				CLANG_WARN_INT_CONVERSION = YES;
				CLANG_WARN_NON_LITERAL_NULL_CONVERSION = YES;
				CLANG_WARN_OBJC_IMPLICIT_RETAIN_SELF = YES;
				CLANG_WARN_OBJC_LITERAL_CONVERSION = YES;
				CLANG_WARN_OBJC_ROOT_CLASS = YES_ERROR;
				CLANG_WARN_RANGE_LOOP_ANALYSIS = YES;
				CLANG_WARN_STRICT_PROTOTYPES = YES;
				CLANG_WARN_SUSPICIOUS_MOVE = YES;
				CLANG_WARN_UNGUARDED_AVAILABILITY = YES_AGGRESSIVE;
				CLANG_WARN_UNREACHABLE_CODE = YES;
				CLANG_WARN__DUPLICATE_METHOD_MATCH = YES;
				CODE_SIGN_IDENTITY = "iPhone Developer";
				COPY_PHASE_STRIP = NO;
				DEBUG_INFORMATION_FORMAT = "dwarf-with-dsym";
				ENABLE_NS_ASSERTIONS = NO;
				ENABLE_STRICT_OBJC_MSGSEND = YES;
				GCC_C_LANGUAGE_STANDARD = gnu11;
				GCC_NO_COMMON_BLOCKS = YES;
				GCC_WARN_64_TO_32_BIT_CONVERSION = YES;
				GCC_WARN_ABOUT_RETURN_TYPE = YES_ERROR;
				GCC_WARN_UNDECLARED_SELECTOR = YES;
				GCC_WARN_UNINITIALIZED_AUTOS = YES_AGGRESSIVE;
				GCC_WARN_UNUSED_FUNCTION = YES;
				GCC_WARN_UNUSED_VARIABLE = YES;
				IPHONEOS_DEPLOYMENT_TARGET = 12.1;
				MTL_ENABLE_DEBUG_INFO = NO;
				MTL_FAST_MATH = YES;
				SDKROOT = iphoneos;
				SWIFT_COMPILATION_MODE = wholemodule;
				SWIFT_OPTIMIZATION_LEVEL = "-O";
				VALIDATE_PRODUCT = YES;
			};
			name = Release;
		};
		6E04D23A2309A85A00CD5210 /* Debug */ = {
			isa = XCBuildConfiguration;
			buildSettings = {
				ASSETCATALOG_COMPILER_APPICON_NAME = AppIcon;
				CODE_SIGN_STYLE = Automatic;
				DEVELOPMENT_TEAM = 6EAEARQ255;
				INFOPLIST_FILE = MarvelDemo/Info.plist;
				LD_RUNPATH_SEARCH_PATHS = (
					"$(inherited)",
					"@executable_path/Frameworks",
				);
				PRODUCT_BUNDLE_IDENTIFIER = com.saldana.MarvelDemo;
				PRODUCT_NAME = "$(TARGET_NAME)";
				SWIFT_VERSION = 4.2;
				TARGETED_DEVICE_FAMILY = "1,2";
			};
			name = Debug;
		};
		6E04D23B2309A85A00CD5210 /* Release */ = {
			isa = XCBuildConfiguration;
			buildSettings = {
				ASSETCATALOG_COMPILER_APPICON_NAME = AppIcon;
				CODE_SIGN_STYLE = Automatic;
				DEVELOPMENT_TEAM = 6EAEARQ255;
				INFOPLIST_FILE = MarvelDemo/Info.plist;
				LD_RUNPATH_SEARCH_PATHS = (
					"$(inherited)",
					"@executable_path/Frameworks",
				);
				PRODUCT_BUNDLE_IDENTIFIER = com.saldana.MarvelDemo;
				PRODUCT_NAME = "$(TARGET_NAME)";
				SWIFT_VERSION = 4.2;
				TARGETED_DEVICE_FAMILY = "1,2";
			};
			name = Release;
		};
		6E04D23D2309A85A00CD5210 /* Debug */ = {
			isa = XCBuildConfiguration;
			buildSettings = {
				ALWAYS_EMBED_SWIFT_STANDARD_LIBRARIES = YES;
				BUNDLE_LOADER = "$(TEST_HOST)";
				CODE_SIGN_STYLE = Automatic;
				DEVELOPMENT_TEAM = 6EAEARQ255;
				INFOPLIST_FILE = MarvelDemoTests/Info.plist;
				LD_RUNPATH_SEARCH_PATHS = (
					"$(inherited)",
					"@executable_path/Frameworks",
					"@loader_path/Frameworks",
				);
				PRODUCT_BUNDLE_IDENTIFIER = com.saldana.MarvelDemoTests;
				PRODUCT_NAME = "$(TARGET_NAME)";
				SWIFT_VERSION = 4.2;
				TARGETED_DEVICE_FAMILY = "1,2";
				TEST_HOST = "$(BUILT_PRODUCTS_DIR)/MarvelDemo.app/MarvelDemo";
			};
			name = Debug;
		};
		6E04D23E2309A85A00CD5210 /* Release */ = {
			isa = XCBuildConfiguration;
			buildSettings = {
				ALWAYS_EMBED_SWIFT_STANDARD_LIBRARIES = YES;
				BUNDLE_LOADER = "$(TEST_HOST)";
				CODE_SIGN_STYLE = Automatic;
				DEVELOPMENT_TEAM = 6EAEARQ255;
				INFOPLIST_FILE = MarvelDemoTests/Info.plist;
				LD_RUNPATH_SEARCH_PATHS = (
					"$(inherited)",
					"@executable_path/Frameworks",
					"@loader_path/Frameworks",
				);
				PRODUCT_BUNDLE_IDENTIFIER = com.saldana.MarvelDemoTests;
				PRODUCT_NAME = "$(TARGET_NAME)";
				SWIFT_VERSION = 4.2;
				TARGETED_DEVICE_FAMILY = "1,2";
				TEST_HOST = "$(BUILT_PRODUCTS_DIR)/MarvelDemo.app/MarvelDemo";
			};
			name = Release;
		};
/* End XCBuildConfiguration section */

/* Begin XCConfigurationList section */
		6E04D2142309A83800CD5210 /* Build configuration list for PBXProject "MarvelDemo" */ = {
			isa = XCConfigurationList;
			buildConfigurations = (
				6E04D2372309A85A00CD5210 /* Debug */,
				6E04D2382309A85A00CD5210 /* Release */,
			);
			defaultConfigurationIsVisible = 0;
			defaultConfigurationName = Release;
		};
		6E04D2392309A85A00CD5210 /* Build configuration list for PBXNativeTarget "MarvelDemo" */ = {
			isa = XCConfigurationList;
			buildConfigurations = (
				6E04D23A2309A85A00CD5210 /* Debug */,
				6E04D23B2309A85A00CD5210 /* Release */,
			);
			defaultConfigurationIsVisible = 0;
			defaultConfigurationName = Release;
		};
		6E04D23C2309A85A00CD5210 /* Build configuration list for PBXNativeTarget "MarvelDemoTests" */ = {
			isa = XCConfigurationList;
			buildConfigurations = (
				6E04D23D2309A85A00CD5210 /* Debug */,
				6E04D23E2309A85A00CD5210 /* Release */,
			);
			defaultConfigurationIsVisible = 0;
			defaultConfigurationName = Release;
		};
/* End XCConfigurationList section */

/* Begin XCVersionGroup section */
		6E04D2232309A83800CD5210 /* MarvelDemo.xcdatamodeld */ = {
			isa = XCVersionGroup;
			children = (
				6E04D2242309A83800CD5210 /* MarvelDemo.xcdatamodel */,
			);
			currentVersion = 6E04D2242309A83800CD5210 /* MarvelDemo.xcdatamodel */;
			path = MarvelDemo.xcdatamodeld;
			sourceTree = "<group>";
			versionGroupType = wrapper.xcdatamodel;
		};
/* End XCVersionGroup section */
	};
	rootObject = 6E04D2112309A83800CD5210 /* Project object */;
}
